
Microsoft Visual Studio Solution File, Format Version 11.00
# Visual Studio 2010
Project("{FAE04EC0-301F-11D3-BF4B-00C04F79EFBC}") = "Assembly-CSharp", "Assembly-CSharp.csproj", "{F9CB11DE-4973-88FC-BDC5-1B06DE228CCA}"
EndProject
Project("{FAE04EC0-301F-11D3-BF4B-00C04F79EFBC}") = "Assembly-CSharp-Editor", "Assembly-CSharp-Editor.csproj", "{5F7DA2FD-6DEB-10F6-F801-822CB375541C}"
EndProject
Global
	GlobalSection(SolutionConfigurationPlatforms) = preSolution
		Debug|Any CPU = Debug|Any CPU
		Release|Any CPU = Release|Any CPU
	EndGlobalSection
	GlobalSection(ProjectConfigurationPlatforms) = postSolution
		{F9CB11DE-4973-88FC-BDC5-1B06DE228CCA}.Debug|Any CPU.ActiveCfg = Debug|Any CPU
		{F9CB11DE-4973-88FC-BDC5-1B06DE228CCA}.Debug|Any CPU.Build.0 = Debug|Any CPU
		{F9CB11DE-4973-88FC-BDC5-1B06DE228CCA}.Release|Any CPU.ActiveCfg = Release|Any CPU
		{F9CB11DE-4973-88FC-BDC5-1B06DE228CCA}.Release|Any CPU.Build.0 = Release|Any CPU
		{5F7DA2FD-6DEB-10F6-F801-822CB375541C}.Debug|Any CPU.ActiveCfg = Debug|Any CPU
		{5F7DA2FD-6DEB-10F6-F801-822CB375541C}.Debug|Any CPU.Build.0 = Debug|Any CPU
		{5F7DA2FD-6DEB-10F6-F801-822CB375541C}.Release|Any CPU.ActiveCfg = Release|Any CPU
		{5F7DA2FD-6DEB-10F6-F801-822CB375541C}.Release|Any CPU.Build.0 = Release|Any CPU
	EndGlobalSection
	GlobalSection(SolutionProperties) = preSolution
		HideSolutionNode = FALSE
	EndGlobalSection
	GlobalSection(MonoDevelopProperties) = preSolution
		StartupItem = Assembly-CSharp.csproj
	EndGlobalSection
EndGlobal
